
Microsoft Visual Studio Solution File, Format Version 12.00
# Visual Studio Version 17
VisualStudioVersion = 17.3.32901.215
MinimumVisualStudioVersion = 10.0.40219.1
Project("{FAE04EC0-301F-11D3-BF4B-00C04F79EFBC}") = "PunchLogicSolution", "PunchLogicSolution.csproj", "{2D384847-5900-45D1-9EBC-DABC885607E5}"
EndProject
Project("{FAE04EC0-301F-11D3-BF4B-00C04F79EFBC}") = "PunchLogicTest", "..\PunchLogicTest\PunchLogicTest.csproj", "{629CF076-13EB-4C0B-9C97-02A5D229BBDF}"
EndProject
Global
	GlobalSection(SolutionConfigurationPlatforms) = preSolution
		Debug|Any CPU = Debug|Any CPU
		Release|Any CPU = Release|Any CPU
	EndGlobalSection
	GlobalSection(ProjectConfigurationPlatforms) = postSolution
		{2D384847-5900-45D1-9EBC-DABC885607E5}.Debug|Any CPU.ActiveCfg = Debug|Any CPU
		{2D384847-5900-45D1-9EBC-DABC885607E5}.Debug|Any CPU.Build.0 = Debug|Any CPU
		{2D384847-5900-45D1-9EBC-DABC885607E5}.Release|Any CPU.ActiveCfg = Release|Any CPU
		{2D384847-5900-45D1-9EBC-DABC885607E5}.Release|Any CPU.Build.0 = Release|Any CPU
		{629CF076-13EB-4C0B-9C97-02A5D229BBDF}.Debug|Any CPU.ActiveCfg = Debug|Any CPU
		{629CF076-13EB-4C0B-9C97-02A5D229BBDF}.Debug|Any CPU.Build.0 = Debug|Any CPU
		{629CF076-13EB-4C0B-9C97-02A5D229BBDF}.Release|Any CPU.ActiveCfg = Release|Any CPU
		{629CF076-13EB-4C0B-9C97-02A5D229BBDF}.Release|Any CPU.Build.0 = Release|Any CPU
	EndGlobalSection
	GlobalSection(SolutionProperties) = preSolution
		HideSolutionNode = FALSE
	EndGlobalSection
	GlobalSection(ExtensibilityGlobals) = postSolution
		SolutionGuid = {9E29BDF4-B237-4644-AF3A-468A80B7DCAB}
	EndGlobalSection
EndGlobal
